
Microsoft Visual Studio Solution File, Format Version 12.00
# Visual Studio Version 16
VisualStudioVersion = 16.0.31112.23
MinimumVisualStudioVersion = 10.0.40219.1
Project("{FAE04EC0-301F-11D3-BF4B-00C04F79EFBC}") = "DommarcoWeb", "DommarcoWeb.csproj", "{CF888E4B-6538-403A-A56C-4BB4BD1557F1}"
EndProject
Project("{FAE04EC0-301F-11D3-BF4B-00C04F79EFBC}") = "DAL", "..\DAL\DAL.csproj", "{2734E335-5F63-4975-8C69-3D20FBEF1EE1}"
EndProject
Global
	GlobalSection(SolutionConfigurationPlatforms) = preSolution
		Debug|Any CPU = Debug|Any CPU
		Release|Any CPU = Release|Any CPU
	EndGlobalSection
	GlobalSection(ProjectConfigurationPlatforms) = postSolution
		{CF888E4B-6538-403A-A56C-4BB4BD1557F1}.Debug|Any CPU.ActiveCfg = Debug|Any CPU
		{CF888E4B-6538-403A-A56C-4BB4BD1557F1}.Debug|Any CPU.Build.0 = Debug|Any CPU
		{CF888E4B-6538-403A-A56C-4BB4BD1557F1}.Release|Any CPU.ActiveCfg = Release|Any CPU
		{CF888E4B-6538-403A-A56C-4BB4BD1557F1}.Release|Any CPU.Build.0 = Release|Any CPU
		{2734E335-5F63-4975-8C69-3D20FBEF1EE1}.Debug|Any CPU.ActiveCfg = Debug|Any CPU
		{2734E335-5F63-4975-8C69-3D20FBEF1EE1}.Debug|Any CPU.Build.0 = Debug|Any CPU
		{2734E335-5F63-4975-8C69-3D20FBEF1EE1}.Release|Any CPU.ActiveCfg = Release|Any CPU
		{2734E335-5F63-4975-8C69-3D20FBEF1EE1}.Release|Any CPU.Build.0 = Release|Any CPU
	EndGlobalSection
	GlobalSection(SolutionProperties) = preSolution
		HideSolutionNode = FALSE
	EndGlobalSection
	GlobalSection(ExtensibilityGlobals) = postSolution
		SolutionGuid = {74007B0C-B8E4-4FC2-A1D1-269EA15001A5}
	EndGlobalSection
EndGlobal
